
Microsoft Visual Studio Solution File, Format Version 12.00
# Visual Studio Version 17
VisualStudioVersion = 17.7.34003.232
MinimumVisualStudioVersion = 10.0.40219.1
Project("{FAE04EC0-301F-11D3-BF4B-00C04F79EFBC}") = "steveMail", "steveMail.csproj", "{7E81E307-92D8-451E-87AC-775D023410CB}"
EndProject
Global
	GlobalSection(SolutionConfigurationPlatforms) = preSolution
		Debug|Any CPU = Debug|Any CPU
		Release|Any CPU = Release|Any CPU
	EndGlobalSection
	GlobalSection(ProjectConfigurationPlatforms) = postSolution
		{7E81E307-92D8-451E-87AC-775D023410CB}.Debug|Any CPU.ActiveCfg = Debug|Any CPU
		{7E81E307-92D8-451E-87AC-775D023410CB}.Debug|Any CPU.Build.0 = Debug|Any CPU
		{7E81E307-92D8-451E-87AC-775D023410CB}.Release|Any CPU.ActiveCfg = Release|Any CPU
		{7E81E307-92D8-451E-87AC-775D023410CB}.Release|Any CPU.Build.0 = Release|Any CPU
	EndGlobalSection
	GlobalSection(SolutionProperties) = preSolution
		HideSolutionNode = FALSE
	EndGlobalSection
	GlobalSection(ExtensibilityGlobals) = postSolution
		SolutionGuid = {AD4686F6-16DC-453D-BDE5-26B20798DACE}
	EndGlobalSection
EndGlobal
